
Microsoft Visual Studio Solution File, Format Version 12.00
# Visual Studio Version 17
VisualStudioVersion = 17.13.35828.75
MinimumVisualStudioVersion = 10.0.40219.1
Project("{FAE04EC0-301F-11D3-BF4B-00C04F79EFBC}") = "qr_website", "qr_website.csproj", "{57D1CAB4-C3ED-46A9-8720-CBDC67D5C6AA}"
EndProject
Global
	GlobalSection(SolutionConfigurationPlatforms) = preSolution
		Debug|Any CPU = Debug|Any CPU
		Release|Any CPU = Release|Any CPU
	EndGlobalSection
	GlobalSection(ProjectConfigurationPlatforms) = postSolution
		{57D1CAB4-C3ED-46A9-8720-CBDC67D5C6AA}.Debug|Any CPU.ActiveCfg = Debug|Any CPU
		{57D1CAB4-C3ED-46A9-8720-CBDC67D5C6AA}.Debug|Any CPU.Build.0 = Debug|Any CPU
		{57D1CAB4-C3ED-46A9-8720-CBDC67D5C6AA}.Release|Any CPU.ActiveCfg = Release|Any CPU
		{57D1CAB4-C3ED-46A9-8720-CBDC67D5C6AA}.Release|Any CPU.Build.0 = Release|Any CPU
	EndGlobalSection
	GlobalSection(SolutionProperties) = preSolution
		HideSolutionNode = FALSE
	EndGlobalSection
	GlobalSection(ExtensibilityGlobals) = postSolution
		SolutionGuid = {6B867463-ACF1-4008-990F-0E94B6297449}
	EndGlobalSection
EndGlobal
